
Microsoft Visual Studio Solution File, Format Version 12.00
# Visual Studio Version 17
VisualStudioVersion = 17.5.33502.453
MinimumVisualStudioVersion = 10.0.40219.1
Project("{9A19103F-16F7-4668-BE54-9A1E7A4F7556}") = "ProjetSessionHL", "ProjetSessionHL\ProjetSessionHL.csproj", "{242702F8-C48E-425E-98E8-0CA19CEB6141}"
EndProject
Project("{FAE04EC0-301F-11D3-BF4B-00C04F79EFBC}") = "ProjetSession_Tests", "ProjetSession_Tests\ProjetSession_Tests.csproj", "{4B5C63B9-8F56-41FF-919F-68883BE6DA38}"
EndProject
Global
	GlobalSection(SolutionConfigurationPlatforms) = preSolution
		Debug|Any CPU = Debug|Any CPU
		Release|Any CPU = Release|Any CPU
	EndGlobalSection
	GlobalSection(ProjectConfigurationPlatforms) = postSolution
		{242702F8-C48E-425E-98E8-0CA19CEB6141}.Debug|Any CPU.ActiveCfg = Debug|Any CPU
		{242702F8-C48E-425E-98E8-0CA19CEB6141}.Debug|Any CPU.Build.0 = Debug|Any CPU
		{242702F8-C48E-425E-98E8-0CA19CEB6141}.Release|Any CPU.ActiveCfg = Release|Any CPU
		{242702F8-C48E-425E-98E8-0CA19CEB6141}.Release|Any CPU.Build.0 = Release|Any CPU
		{4B5C63B9-8F56-41FF-919F-68883BE6DA38}.Debug|Any CPU.ActiveCfg = Debug|Any CPU
		{4B5C63B9-8F56-41FF-919F-68883BE6DA38}.Debug|Any CPU.Build.0 = Debug|Any CPU
		{4B5C63B9-8F56-41FF-919F-68883BE6DA38}.Release|Any CPU.ActiveCfg = Release|Any CPU
		{4B5C63B9-8F56-41FF-919F-68883BE6DA38}.Release|Any CPU.Build.0 = Release|Any CPU
	EndGlobalSection
	GlobalSection(SolutionProperties) = preSolution
		HideSolutionNode = FALSE
	EndGlobalSection
	GlobalSection(ExtensibilityGlobals) = postSolution
		SolutionGuid = {D8BCD031-316E-4AFA-A1D6-658CA7B01BCF}
	EndGlobalSection
EndGlobal
